
Microsoft Visual Studio Solution File, Format Version 12.00
# Visual Studio Version 16
VisualStudioVersion = 16.0.30611.23
MinimumVisualStudioVersion = 10.0.40219.1
Project("{FAE04EC0-301F-11D3-BF4B-00C04F79EFBC}") = "Tools", "Tools\Tools.csproj", "{19FF71C4-041A-4E5C-8C0F-4CB80C0D74BA}"
EndProject
Global
	GlobalSection(SolutionConfigurationPlatforms) = preSolution
		Debug|Any CPU = Debug|Any CPU
		Release|Any CPU = Release|Any CPU
	EndGlobalSection
	GlobalSection(ProjectConfigurationPlatforms) = postSolution
		{19FF71C4-041A-4E5C-8C0F-4CB80C0D74BA}.Debug|Any CPU.ActiveCfg = Debug|Any CPU
		{19FF71C4-041A-4E5C-8C0F-4CB80C0D74BA}.Debug|Any CPU.Build.0 = Debug|Any CPU
		{19FF71C4-041A-4E5C-8C0F-4CB80C0D74BA}.Release|Any CPU.ActiveCfg = Release|Any CPU
		{19FF71C4-041A-4E5C-8C0F-4CB80C0D74BA}.Release|Any CPU.Build.0 = Release|Any CPU
	EndGlobalSection
	GlobalSection(SolutionProperties) = preSolution
		HideSolutionNode = FALSE
	EndGlobalSection
	GlobalSection(ExtensibilityGlobals) = postSolution
		SolutionGuid = {35999ED8-2410-4645-B321-CA814EB34E9F}
	EndGlobalSection
EndGlobal
